// !$*UTF8*$!
{
	archiveVersion = 1;
	classes = {
	};
	objectVersion = 51;
	objects = {

/* Begin PBXBuildFile section */
		47CD8DFF23493AE0007F8D20 /* CustomLobbyQueueScreenViewController.swift in Sources */ = {isa = PBXBuildFile; fileRef = 47CD8DFE23493AE0007F8D20 /* CustomLobbyQueueScreenViewController.swift */; };
		8904202F22FA33F50044EEBD /* SignUpViewController.swift in Sources */ = {isa = PBXBuildFile; fileRef = 8904202E22FA33F50044EEBD /* SignUpViewController.swift */; };
		8904203122FA359F0044EEBD /* LoginViewController.swift in Sources */ = {isa = PBXBuildFile; fileRef = 8904203022FA359F0044EEBD /* LoginViewController.swift */; };
		890F3A9122F8DD4100D14044 /* AppDelegate.swift in Sources */ = {isa = PBXBuildFile; fileRef = 890F3A9022F8DD4100D14044 /* AppDelegate.swift */; };
		890F3A9322F8DD4100D14044 /* ViewController.swift in Sources */ = {isa = PBXBuildFile; fileRef = 890F3A9222F8DD4100D14044 /* ViewController.swift */; };
		890F3A9822F8DD4200D14044 /* Assets.xcassets in Resources */ = {isa = PBXBuildFile; fileRef = 890F3A9722F8DD4200D14044 /* Assets.xcassets */; };
		890F3A9B22F8DD4200D14044 /* LaunchScreen.storyboard in Resources */ = {isa = PBXBuildFile; fileRef = 890F3A9922F8DD4200D14044 /* LaunchScreen.storyboard */; };
		890F3AA522F8E2D800D14044 /* GoogleService-Info.plist in Resources */ = {isa = PBXBuildFile; fileRef = 890F3AA422F8E2D800D14044 /* GoogleService-Info.plist */; };
		895BBB392311F117006F06FE /* world.json in Resources */ = {isa = PBXBuildFile; fileRef = 895BBB382311F117006F06FE /* world.json */; };
		895BBB3B2311F1B1006F06FE /* QueueScreenViewController.swift in Sources */ = {isa = PBXBuildFile; fileRef = 895BBB3A2311F1B1006F06FE /* QueueScreenViewController.swift */; };
		895BBB3D2311F7F6006F06FE /* loading.json in Resources */ = {isa = PBXBuildFile; fileRef = 895BBB3C2311F7F6006F06FE /* loading.json */; };
		896400CD2352429C00D9DD8F /* Main.storyboard in Resources */ = {isa = PBXBuildFile; fileRef = 896400CC2352429C00D9DD8F /* Main.storyboard */; };
		89AACCF2235BE0C700844203 /* map.json in Resources */ = {isa = PBXBuildFile; fileRef = 89AACCF1235BE0C700844203 /* map.json */; };
		89FA1A3C23493BAD004F412B /* constants.swift in Sources */ = {isa = PBXBuildFile; fileRef = 89FA1A3B23493BAD004F412B /* constants.swift */; };
		89FA1A3F23493C0B004F412B /* UIView+Extension.swift in Sources */ = {isa = PBXBuildFile; fileRef = 89FA1A3E23493C0B004F412B /* UIView+Extension.swift */; };
		89FA1A41234EDFB0004F412B /* StatisticsViewController.swift in Sources */ = {isa = PBXBuildFile; fileRef = 89FA1A40234EDFB0004F412B /* StatisticsViewController.swift */; };
		9C08960A23188B6000F15BDE /* 8803-simple-countdown.json in Resources */ = {isa = PBXBuildFile; fileRef = 9C08960923188B6000F15BDE /* 8803-simple-countdown.json */; };
		9C23712323021BAE00A5662B /* sideBarViewController.swift in Sources */ = {isa = PBXBuildFile; fileRef = 9C23712223021BAE00A5662B /* sideBarViewController.swift */; };
		9C23712623021EB800A5662B /* customCell.swift in Sources */ = {isa = PBXBuildFile; fileRef = 9C23712423021EB800A5662B /* customCell.swift */; };
		9C23712723021EB800A5662B /* customCellxib.xib in Resources */ = {isa = PBXBuildFile; fileRef = 9C23712523021EB800A5662B /* customCellxib.xib */; };
		9C23712B23022B5000A5662B /* SWRevealViewController.m in Sources */ = {isa = PBXBuildFile; fileRef = 9C23712923022B5000A5662B /* SWRevealViewController.m */; };
		9C327DC622FF40EC00D04ACA /* mainMenu.swift in Sources */ = {isa = PBXBuildFile; fileRef = 9C327DC522FF40EC00D04ACA /* mainMenu.swift */; };
		9C8EEF44235D2955002AF9BC /* DistanceChoose.swift in Sources */ = {isa = PBXBuildFile; fileRef = 9C8EEF43235D2955002AF9BC /* DistanceChoose.swift */; };
		9C90E68422F8E6FF00376DDA /* raceScreen.swift in Sources */ = {isa = PBXBuildFile; fileRef = 9C90E68322F8E6FF00376DDA /* raceScreen.swift */; };
		9CA8D42823442BD000B2AEC2 /* WinScreen.swift in Sources */ = {isa = PBXBuildFile; fileRef = 9CA8D42723442BD000B2AEC2 /* WinScreen.swift */; };
		9CC1E7552349782600A4632A /* runninganimation.json in Resources */ = {isa = PBXBuildFile; fileRef = 9CC1E7542349782600A4632A /* runninganimation.json */; };
		CC7FC6A63A98319046DC8F48 /* Pods_RunApp.framework in Frameworks */ = {isa = PBXBuildFile; fileRef = B305F65C8608FFE7E168E376 /* Pods_RunApp.framework */; };
/* End PBXBuildFile section */

/* Begin PBXFileReference section */
		082861AF11D40A55A7DA9473 /* Pods-RunApp.debug.xcconfig */ = {isa = PBXFileReference; includeInIndex = 1; lastKnownFileType = text.xcconfig; name = "Pods-RunApp.debug.xcconfig"; path = "Target Support Files/Pods-RunApp/Pods-RunApp.debug.xcconfig"; sourceTree = "<group>"; };
		47CD8DFE23493AE0007F8D20 /* CustomLobbyQueueScreenViewController.swift */ = {isa = PBXFileReference; lastKnownFileType = sourcecode.swift; path = CustomLobbyQueueScreenViewController.swift; sourceTree = "<group>"; };
		8904202E22FA33F50044EEBD /* SignUpViewController.swift */ = {isa = PBXFileReference; lastKnownFileType = sourcecode.swift; path = SignUpViewController.swift; sourceTree = "<group>"; };
		8904203022FA359F0044EEBD /* LoginViewController.swift */ = {isa = PBXFileReference; lastKnownFileType = sourcecode.swift; path = LoginViewController.swift; sourceTree = "<group>"; };
		890F3A8D22F8DD4100D14044 /* RunApp.app */ = {isa = PBXFileReference; explicitFileType = wrapper.application; includeInIndex = 0; path = RunApp.app; sourceTree = BUILT_PRODUCTS_DIR; };
		890F3A9022F8DD4100D14044 /* AppDelegate.swift */ = {isa = PBXFileReference; lastKnownFileType = sourcecode.swift; path = AppDelegate.swift; sourceTree = "<group>"; };
		890F3A9222F8DD4100D14044 /* ViewController.swift */ = {isa = PBXFileReference; lastKnownFileType = sourcecode.swift; path = ViewController.swift; sourceTree = "<group>"; };
		890F3A9722F8DD4200D14044 /* Assets.xcassets */ = {isa = PBXFileReference; lastKnownFileType = folder.assetcatalog; path = Assets.xcassets; sourceTree = "<group>"; };
		890F3A9A22F8DD4200D14044 /* Base */ = {isa = PBXFileReference; lastKnownFileType = file.storyboard; name = Base; path = Base.lproj/LaunchScreen.storyboard; sourceTree = "<group>"; };
		890F3A9C22F8DD4200D14044 /* Info.plist */ = {isa = PBXFileReference; lastKnownFileType = text.plist.xml; path = Info.plist; sourceTree = "<group>"; };
		890F3AA422F8E2D800D14044 /* GoogleService-Info.plist */ = {isa = PBXFileReference; fileEncoding = 4; lastKnownFileType = text.plist.xml; path = "GoogleService-Info.plist"; sourceTree = "<group>"; };
		895BBB382311F117006F06FE /* world.json */ = {isa = PBXFileReference; fileEncoding = 4; lastKnownFileType = text.json; path = world.json; sourceTree = "<group>"; };
		895BBB3A2311F1B1006F06FE /* QueueScreenViewController.swift */ = {isa = PBXFileReference; lastKnownFileType = sourcecode.swift; path = QueueScreenViewController.swift; sourceTree = "<group>"; };
		895BBB3C2311F7F6006F06FE /* loading.json */ = {isa = PBXFileReference; fileEncoding = 4; lastKnownFileType = text.json; path = loading.json; sourceTree = "<group>"; };
		896400CC2352429C00D9DD8F /* Main.storyboard */ = {isa = PBXFileReference; lastKnownFileType = file.storyboard; path = Main.storyboard; sourceTree = "<group>"; };
		89AACCF1235BE0C700844203 /* map.json */ = {isa = PBXFileReference; fileEncoding = 4; lastKnownFileType = text.json; path = map.json; sourceTree = "<group>"; };
		89FA1A3B23493BAD004F412B /* constants.swift */ = {isa = PBXFileReference; lastKnownFileType = sourcecode.swift; path = constants.swift; sourceTree = "<group>"; };
		89FA1A3E23493C0B004F412B /* UIView+Extension.swift */ = {isa = PBXFileReference; lastKnownFileType = sourcecode.swift; path = "UIView+Extension.swift"; sourceTree = "<group>"; };
		89FA1A40234EDFB0004F412B /* StatisticsViewController.swift */ = {isa = PBXFileReference; lastKnownFileType = sourcecode.swift; path = StatisticsViewController.swift; sourceTree = "<group>"; };
		9C08960923188B6000F15BDE /* 8803-simple-countdown.json */ = {isa = PBXFileReference; fileEncoding = 4; lastKnownFileType = text.json; path = "8803-simple-countdown.json"; sourceTree = "<group>"; };
		9C23712223021BAE00A5662B /* sideBarViewController.swift */ = {isa = PBXFileReference; lastKnownFileType = sourcecode.swift; path = sideBarViewController.swift; sourceTree = "<group>"; };
		9C23712423021EB800A5662B /* customCell.swift */ = {isa = PBXFileReference; lastKnownFileType = sourcecode.swift; path = customCell.swift; sourceTree = "<group>"; };
		9C23712523021EB800A5662B /* customCellxib.xib */ = {isa = PBXFileReference; lastKnownFileType = file.xib; path = customCellxib.xib; sourceTree = "<group>"; };
		9C23712823022B4F00A5662B /* RunApp-Bridging-Header.h */ = {isa = PBXFileReference; lastKnownFileType = sourcecode.c.h; path = "RunApp-Bridging-Header.h"; sourceTree = "<group>"; };
		9C23712923022B5000A5662B /* SWRevealViewController.m */ = {isa = PBXFileReference; fileEncoding = 4; lastKnownFileType = sourcecode.c.objc; path = SWRevealViewController.m; sourceTree = "<group>"; };
		9C23712A23022B5000A5662B /* SWRevealViewController.h */ = {isa = PBXFileReference; fileEncoding = 4; lastKnownFileType = sourcecode.c.h; path = SWRevealViewController.h; sourceTree = "<group>"; };
		9C327DC522FF40EC00D04ACA /* mainMenu.swift */ = {isa = PBXFileReference; lastKnownFileType = sourcecode.swift; path = mainMenu.swift; sourceTree = "<group>"; };
		9C8EEF43235D2955002AF9BC /* DistanceChoose.swift */ = {isa = PBXFileReference; lastKnownFileType = sourcecode.swift; path = DistanceChoose.swift; sourceTree = "<group>"; };
		9C90E68322F8E6FF00376DDA /* raceScreen.swift */ = {isa = PBXFileReference; lastKnownFileType = sourcecode.swift; path = raceScreen.swift; sourceTree = "<group>"; };
		9CA8D42723442BD000B2AEC2 /* WinScreen.swift */ = {isa = PBXFileReference; lastKnownFileType = sourcecode.swift; path = WinScreen.swift; sourceTree = "<group>"; };
		9CC1E7542349782600A4632A /* runninganimation.json */ = {isa = PBXFileReference; fileEncoding = 4; lastKnownFileType = text.json; path = runninganimation.json; sourceTree = "<group>"; };
		B305F65C8608FFE7E168E376 /* Pods_RunApp.framework */ = {isa = PBXFileReference; explicitFileType = wrapper.framework; includeInIndex = 0; path = Pods_RunApp.framework; sourceTree = BUILT_PRODUCTS_DIR; };
		B775B0A46C7C933075009024 /* Pods-RunApp.release.xcconfig */ = {isa = PBXFileReference; includeInIndex = 1; lastKnownFileType = text.xcconfig; name = "Pods-RunApp.release.xcconfig"; path = "Target Support Files/Pods-RunApp/Pods-RunApp.release.xcconfig"; sourceTree = "<group>"; };
/* End PBXFileReference section */

/* Begin PBXFrameworksBuildPhase section */
		890F3A8A22F8DD4100D14044 /* Frameworks */ = {
			isa = PBXFrameworksBuildPhase;
			buildActionMask = 2147483647;
			files = (
				CC7FC6A63A98319046DC8F48 /* Pods_RunApp.framework in Frameworks */,
			);
			runOnlyForDeploymentPostprocessing = 0;
		};
/* End PBXFrameworksBuildPhase section */

/* Begin PBXGroup section */
		1F5ECBF33612C8F60C4837F4 /* Frameworks */ = {
			isa = PBXGroup;
			children = (
				B305F65C8608FFE7E168E376 /* Pods_RunApp.framework */,
			);
			name = Frameworks;
			sourceTree = "<group>";
		};
		890F3A8422F8DD4100D14044 = {
			isa = PBXGroup;
			children = (
				890F3A8F22F8DD4100D14044 /* RunApp */,
				890F3A8E22F8DD4100D14044 /* Products */,
				ED141DBD85B9F84AF5427699 /* Pods */,
				1F5ECBF33612C8F60C4837F4 /* Frameworks */,
			);
			sourceTree = "<group>";
		};
		890F3A8E22F8DD4100D14044 /* Products */ = {
			isa = PBXGroup;
			children = (
				890F3A8D22F8DD4100D14044 /* RunApp.app */,
			);
			name = Products;
			sourceTree = "<group>";
		};
		890F3A8F22F8DD4100D14044 /* RunApp */ = {
			isa = PBXGroup;
			children = (
				9C23712123021A7100A5662B /* sideMenuCell */,
				9C90E68522F8E71800376DDA /* ViewControllers */,
				89FA1A3D23493BD7004F412B /* Color Extensions */,
				890F3A9022F8DD4100D14044 /* AppDelegate.swift */,
				896400CC2352429C00D9DD8F /* Main.storyboard */,
				890F3A9222F8DD4100D14044 /* ViewController.swift */,
				89AACCF3235BE1EB00844203 /* Lottie Files */,
				890F3A9722F8DD4200D14044 /* Assets.xcassets */,
				890F3A9922F8DD4200D14044 /* LaunchScreen.storyboard */,
				9C23712923022B5000A5662B /* SWRevealViewController.m */,
				9C23712A23022B5000A5662B /* SWRevealViewController.h */,
				9C23712823022B4F00A5662B /* RunApp-Bridging-Header.h */,
				890F3A9C22F8DD4200D14044 /* Info.plist */,
				890F3AA422F8E2D800D14044 /* GoogleService-Info.plist */,
			);
			path = RunApp;
			sourceTree = "<group>";
		};
		89AACCF3235BE1EB00844203 /* Lottie Files */ = {
			isa = PBXGroup;
			children = (
				895BBB3C2311F7F6006F06FE /* loading.json */,
				895BBB382311F117006F06FE /* world.json */,
				9CC1E7542349782600A4632A /* runninganimation.json */,
				89AACCF1235BE0C700844203 /* map.json */,
				9C08960923188B6000F15BDE /* 8803-simple-countdown.json */,
			);
			path = "Lottie Files";
			sourceTree = "<group>";
		};
		89FA1A3D23493BD7004F412B /* Color Extensions */ = {
			isa = PBXGroup;
			children = (
				89FA1A3B23493BAD004F412B /* constants.swift */,
				89FA1A3E23493C0B004F412B /* UIView+Extension.swift */,
			);
			path = "Color Extensions";
			sourceTree = "<group>";
		};
		9C23712123021A7100A5662B /* sideMenuCell */ = {
			isa = PBXGroup;
			children = (
				9C23712423021EB800A5662B /* customCell.swift */,
				9C23712523021EB800A5662B /* customCellxib.xib */,
			);
			path = sideMenuCell;
			sourceTree = "<group>";
		};
		9C90E68522F8E71800376DDA /* ViewControllers */ = {
			isa = PBXGroup;
			children = (
				895BBB3A2311F1B1006F06FE /* QueueScreenViewController.swift */,
				47CD8DFE23493AE0007F8D20 /* CustomLobbyQueueScreenViewController.swift */,
				9C23712223021BAE00A5662B /* sideBarViewController.swift */,
				8904203022FA359F0044EEBD /* LoginViewController.swift */,
				9C8EEF43235D2955002AF9BC /* DistanceChoose.swift */,
				8904202E22FA33F50044EEBD /* SignUpViewController.swift */,
				9C90E68322F8E6FF00376DDA /* raceScreen.swift */,
				9C327DC522FF40EC00D04ACA /* mainMenu.swift */,
				9CA8D42723442BD000B2AEC2 /* WinScreen.swift */,
				89FA1A40234EDFB0004F412B /* StatisticsViewController.swift */,
			);
			path = ViewControllers;
			sourceTree = "<group>";
		};
		ED141DBD85B9F84AF5427699 /* Pods */ = {
			isa = PBXGroup;
			children = (
				082861AF11D40A55A7DA9473 /* Pods-RunApp.debug.xcconfig */,
				B775B0A46C7C933075009024 /* Pods-RunApp.release.xcconfig */,
			);
			path = Pods;
			sourceTree = "<group>";
		};
/* End PBXGroup section */

/* Begin PBXNativeTarget section */
		890F3A8C22F8DD4100D14044 /* RunApp */ = {
			isa = PBXNativeTarget;
			buildConfigurationList = 890F3A9F22F8DD4200D14044 /* Build configuration list for PBXNativeTarget "RunApp" */;
			buildPhases = (
				1F4E4FAB389C307B4F8497CE /* [CP] Check Pods Manifest.lock */,
				890F3A8922F8DD4100D14044 /* Sources */,
				890F3A8A22F8DD4100D14044 /* Frameworks */,
				890F3A8B22F8DD4100D14044 /* Resources */,
				714321D74B17E58B5841B0A7 /* [CP] Embed Pods Frameworks */,
			);
			buildRules = (
			);
			dependencies = (
			);
			name = RunApp;
			productName = RunApp;
			productReference = 890F3A8D22F8DD4100D14044 /* RunApp.app */;
			productType = "com.apple.product-type.application";
		};
/* End PBXNativeTarget section */

/* Begin PBXProject section */
		890F3A8522F8DD4100D14044 /* Project object */ = {
			isa = PBXProject;
			attributes = {
				LastSwiftUpdateCheck = 1030;
				LastUpgradeCheck = 1030;
				ORGANIZATIONNAME = "Michael Peng";
				TargetAttributes = {
					890F3A8C22F8DD4100D14044 = {
						CreatedOnToolsVersion = 10.3;
						LastSwiftMigration = 1020;
					};
				};
			};
			buildConfigurationList = 890F3A8822F8DD4100D14044 /* Build configuration list for PBXProject "RunApp" */;
			compatibilityVersion = "Xcode 9.3";
			developmentRegion = en;
			hasScannedForEncodings = 0;
			knownRegions = (
				en,
				Base,
			);
			mainGroup = 890F3A8422F8DD4100D14044;
			productRefGroup = 890F3A8E22F8DD4100D14044 /* Products */;
			projectDirPath = "";
			projectRoot = "";
			targets = (
				890F3A8C22F8DD4100D14044 /* RunApp */,
			);
		};
/* End PBXProject section */

/* Begin PBXResourcesBuildPhase section */
		890F3A8B22F8DD4100D14044 /* Resources */ = {
			isa = PBXResourcesBuildPhase;
			buildActionMask = 2147483647;
			files = (
				895BBB3D2311F7F6006F06FE /* loading.json in Resources */,
				890F3A9B22F8DD4200D14044 /* LaunchScreen.storyboard in Resources */,
				89AACCF2235BE0C700844203 /* map.json in Resources */,
				9C08960A23188B6000F15BDE /* 8803-simple-countdown.json in Resources */,
				9CC1E7552349782600A4632A /* runninganimation.json in Resources */,
				890F3AA522F8E2D800D14044 /* GoogleService-Info.plist in Resources */,
				890F3A9822F8DD4200D14044 /* Assets.xcassets in Resources */,
				9C23712723021EB800A5662B /* customCellxib.xib in Resources */,
				895BBB392311F117006F06FE /* world.json in Resources */,
				896400CD2352429C00D9DD8F /* Main.storyboard in Resources */,
			);
			runOnlyForDeploymentPostprocessing = 0;
		};
/* End PBXResourcesBuildPhase section */

/* Begin PBXShellScriptBuildPhase section */
		1F4E4FAB389C307B4F8497CE /* [CP] Check Pods Manifest.lock */ = {
			isa = PBXShellScriptBuildPhase;
			buildActionMask = 2147483647;
			files = (
			);
			inputFileListPaths = (
			);
			inputPaths = (
				"${PODS_PODFILE_DIR_PATH}/Podfile.lock",
				"${PODS_ROOT}/Manifest.lock",
			);
			name = "[CP] Check Pods Manifest.lock";
			outputFileListPaths = (
			);
			outputPaths = (
				"$(DERIVED_FILE_DIR)/Pods-RunApp-checkManifestLockResult.txt",
			);
			runOnlyForDeploymentPostprocessing = 0;
			shellPath = /bin/sh;
			shellScript = "diff \"${PODS_PODFILE_DIR_PATH}/Podfile.lock\" \"${PODS_ROOT}/Manifest.lock\" > /dev/null\nif [ $? != 0 ] ; then\n    # print error to STDERR\n    echo \"error: The sandbox is not in sync with the Podfile.lock. Run 'pod install' or update your CocoaPods installation.\" >&2\n    exit 1\nfi\n# This output is used by Xcode 'outputs' to avoid re-running this script phase.\necho \"SUCCESS\" > \"${SCRIPT_OUTPUT_FILE_0}\"\n";
			showEnvVarsInLog = 0;
		};
		714321D74B17E58B5841B0A7 /* [CP] Embed Pods Frameworks */ = {
			isa = PBXShellScriptBuildPhase;
			buildActionMask = 2147483647;
			files = (
			);
			inputFileListPaths = (
				"${PODS_ROOT}/Target Support Files/Pods-RunApp/Pods-RunApp-frameworks-${CONFIGURATION}-input-files.xcfilelist",
			);
			name = "[CP] Embed Pods Frameworks";
			outputFileListPaths = (
				"${PODS_ROOT}/Target Support Files/Pods-RunApp/Pods-RunApp-frameworks-${CONFIGURATION}-output-files.xcfilelist",
			);
			runOnlyForDeploymentPostprocessing = 0;
			shellPath = /bin/sh;
			shellScript = "\"${PODS_ROOT}/Target Support Files/Pods-RunApp/Pods-RunApp-frameworks.sh\"\n";
			showEnvVarsInLog = 0;
		};
/* End PBXShellScriptBuildPhase section */

/* Begin PBXSourcesBuildPhase section */
		890F3A8922F8DD4100D14044 /* Sources */ = {
			isa = PBXSourcesBuildPhase;
			buildActionMask = 2147483647;
			files = (
				890F3A9322F8DD4100D14044 /* ViewController.swift in Sources */,
				890F3A9122F8DD4100D14044 /* AppDelegate.swift in Sources */,
				8904202F22FA33F50044EEBD /* SignUpViewController.swift in Sources */,
				89FA1A41234EDFB0004F412B /* StatisticsViewController.swift in Sources */,
				9C327DC622FF40EC00D04ACA /* mainMenu.swift in Sources */,
				9CA8D42823442BD000B2AEC2 /* WinScreen.swift in Sources */,
				895BBB3B2311F1B1006F06FE /* QueueScreenViewController.swift in Sources */,
				8904203122FA359F0044EEBD /* LoginViewController.swift in Sources */,
				89FA1A3F23493C0B004F412B /* UIView+Extension.swift in Sources */,
				9C23712B23022B5000A5662B /* SWRevealViewController.m in Sources */,
				9C90E68422F8E6FF00376DDA /* raceScreen.swift in Sources */,
				9C8EEF44235D2955002AF9BC /* DistanceChoose.swift in Sources */,
				47CD8DFF23493AE0007F8D20 /* CustomLobbyQueueScreenViewController.swift in Sources */,
				9C23712623021EB800A5662B /* customCell.swift in Sources */,
				9C23712323021BAE00A5662B /* sideBarViewController.swift in Sources */,
				89FA1A3C23493BAD004F412B /* constants.swift in Sources */,
			);
			runOnlyForDeploymentPostprocessing = 0;
		};
/* End PBXSourcesBuildPhase section */

/* Begin PBXVariantGroup section */
		890F3A9922F8DD4200D14044 /* LaunchScreen.storyboard */ = {
			isa = PBXVariantGroup;
			children = (
				890F3A9A22F8DD4200D14044 /* Base */,
			);
			name = LaunchScreen.storyboard;
			sourceTree = "<group>";
		};
/* End PBXVariantGroup section */

/* Begin XCBuildConfiguration section */
		890F3A9D22F8DD4200D14044 /* Debug */ = {
			isa = XCBuildConfiguration;
			buildSettings = {
				ALWAYS_SEARCH_USER_PATHS = NO;
				CLANG_ANALYZER_NONNULL = YES;
				CLANG_ANALYZER_NUMBER_OBJECT_CONVERSION = YES_AGGRESSIVE;
				CLANG_CXX_LANGUAGE_STANDARD = "gnu++14";
				CLANG_CXX_LIBRARY = "libc++";
				CLANG_ENABLE_MODULES = YES;
				CLANG_ENABLE_OBJC_ARC = YES;
				CLANG_ENABLE_OBJC_WEAK = YES;
				CLANG_WARN_BOOL_CONVERSION = YES;
				CLANG_WARN_COMMA = YES;
				CLANG_WARN_CONSTANT_CONVERSION = YES;
				CLANG_WARN_DEPRECATED_OBJC_IMPLEMENTATIONS = YES;
				CLANG_WARN_DIRECT_OBJC_ISA_USAGE = YES_ERROR;
				CLANG_WARN_DOCUMENTATION_COMMENTS = YES;
				CLANG_WARN_EMPTY_BODY = YES;
				CLANG_WARN_ENUM_CONVERSION = YES;
				CLANG_WARN_INFINITE_RECURSION = YES;
				CLANG_WARN_INT_CONVERSION = YES;
				CLANG_WARN_NON_LITERAL_NULL_CONVERSION = YES;
				CLANG_WARN_OBJC_IMPLICIT_RETAIN_SELF = YES;
				CLANG_WARN_OBJC_LITERAL_CONVERSION = YES;
				CLANG_WARN_OBJC_ROOT_CLASS = YES_ERROR;
				CLANG_WARN_RANGE_LOOP_ANALYSIS = YES;
				CLANG_WARN_STRICT_PROTOTYPES = YES;
				CLANG_WARN_SUSPICIOUS_MOVE = YES;
				CLANG_WARN_UNGUARDED_AVAILABILITY = YES_AGGRESSIVE;
				CLANG_WARN_UNREACHABLE_CODE = YES;
				CLANG_WARN__DUPLICATE_METHOD_MATCH = YES;
				CODE_SIGN_IDENTITY = "iPhone Developer";
				COPY_PHASE_STRIP = NO;
				DEBUG_INFORMATION_FORMAT = dwarf;
				DEVELOPMENT_TEAM = HRQF7L3R8P;
				ENABLE_STRICT_OBJC_MSGSEND = YES;
				ENABLE_TESTABILITY = YES;
				GCC_C_LANGUAGE_STANDARD = gnu11;
				GCC_DYNAMIC_NO_PIC = NO;
				GCC_NO_COMMON_BLOCKS = YES;
				GCC_OPTIMIZATION_LEVEL = 0;
				GCC_PREPROCESSOR_DEFINITIONS = (
					"DEBUG=1",
					"$(inherited)",
				);
				GCC_WARN_64_TO_32_BIT_CONVERSION = YES;
				GCC_WARN_ABOUT_RETURN_TYPE = YES_ERROR;
				GCC_WARN_UNDECLARED_SELECTOR = YES;
				GCC_WARN_UNINITIALIZED_AUTOS = YES_AGGRESSIVE;
				GCC_WARN_UNUSED_FUNCTION = YES;
				GCC_WARN_UNUSED_VARIABLE = YES;
				IPHONEOS_DEPLOYMENT_TARGET = 12.4;
				MTL_ENABLE_DEBUG_INFO = INCLUDE_SOURCE;
				MTL_FAST_MATH = YES;
				ONLY_ACTIVE_ARCH = YES;
				SDKROOT = iphoneos;
				SWIFT_ACTIVE_COMPILATION_CONDITIONS = DEBUG;
				SWIFT_OPTIMIZATION_LEVEL = "-Onone";
			};
			name = Debug;
		};
		890F3A9E22F8DD4200D14044 /* Release */ = {
			isa = XCBuildConfiguration;
			buildSettings = {
				ALWAYS_SEARCH_USER_PATHS = NO;
				CLANG_ANALYZER_NONNULL = YES;
				CLANG_ANALYZER_NUMBER_OBJECT_CONVERSION = YES_AGGRESSIVE;
				CLANG_CXX_LANGUAGE_STANDARD = "gnu++14";
				CLANG_CXX_LIBRARY = "libc++";
				CLANG_ENABLE_MODULES = YES;
				CLANG_ENABLE_OBJC_ARC = YES;
				CLANG_ENABLE_OBJC_WEAK = YES;
				CLANG_WARN_BOOL_CONVERSION = YES;
				CLANG_WARN_COMMA = YES;
				CLANG_WARN_CONSTANT_CONVERSION = YES;
				CLANG_WARN_DEPRECATED_OBJC_IMPLEMENTATIONS = YES;
				CLANG_WARN_DIRECT_OBJC_ISA_USAGE = YES_ERROR;
				CLANG_WARN_DOCUMENTATION_COMMENTS = YES;
				CLANG_WARN_EMPTY_BODY = YES;
				CLANG_WARN_ENUM_CONVERSION = YES;
				CLANG_WARN_INFINITE_RECURSION = YES;
				CLANG_WARN_INT_CONVERSION = YES;
				CLANG_WARN_NON_LITERAL_NULL_CONVERSION = YES;
				CLANG_WARN_OBJC_IMPLICIT_RETAIN_SELF = YES;
				CLANG_WARN_OBJC_LITERAL_CONVERSION = YES;
				CLANG_WARN_OBJC_ROOT_CLASS = YES_ERROR;
				CLANG_WARN_RANGE_LOOP_ANALYSIS = YES;
				CLANG_WARN_STRICT_PROTOTYPES = YES;
				CLANG_WARN_SUSPICIOUS_MOVE = YES;
				CLANG_WARN_UNGUARDED_AVAILABILITY = YES_AGGRESSIVE;
				CLANG_WARN_UNREACHABLE_CODE = YES;
				CLANG_WARN__DUPLICATE_METHOD_MATCH = YES;
				CODE_SIGN_IDENTITY = "iPhone Developer";
				COPY_PHASE_STRIP = NO;
				DEBUG_INFORMATION_FORMAT = "dwarf-with-dsym";
				DEVELOPMENT_TEAM = HRQF7L3R8P;
				ENABLE_NS_ASSERTIONS = NO;
				ENABLE_STRICT_OBJC_MSGSEND = YES;
				GCC_C_LANGUAGE_STANDARD = gnu11;
				GCC_NO_COMMON_BLOCKS = YES;
				GCC_WARN_64_TO_32_BIT_CONVERSION = YES;
				GCC_WARN_ABOUT_RETURN_TYPE = YES_ERROR;
				GCC_WARN_UNDECLARED_SELECTOR = YES;
				GCC_WARN_UNINITIALIZED_AUTOS = YES_AGGRESSIVE;
				GCC_WARN_UNUSED_FUNCTION = YES;
				GCC_WARN_UNUSED_VARIABLE = YES;
				IPHONEOS_DEPLOYMENT_TARGET = 12.4;
				MTL_ENABLE_DEBUG_INFO = NO;
				MTL_FAST_MATH = YES;
				SDKROOT = iphoneos;
				SWIFT_COMPILATION_MODE = wholemodule;
				SWIFT_OPTIMIZATION_LEVEL = "-O";
				VALIDATE_PRODUCT = YES;
			};
			name = Release;
		};
		890F3AA022F8DD4200D14044 /* Debug */ = {
			isa = XCBuildConfiguration;
			baseConfigurationReference = 082861AF11D40A55A7DA9473 /* Pods-RunApp.debug.xcconfig */;
			buildSettings = {
				ASSETCATALOG_COMPILER_APPICON_NAME = AppIcon;
				CLANG_ENABLE_MODULES = YES;
				CODE_SIGN_STYLE = Automatic;
				DEVELOPMENT_TEAM = 25BKB2B8F3;
				INFOPLIST_FILE = RunApp/Info.plist;
				IPHONEOS_DEPLOYMENT_TARGET = 12.0;
				LD_RUNPATH_SEARCH_PATHS = (
					"$(inherited)",
					"@executable_path/Frameworks",
				);
				PRODUCT_BUNDLE_IDENTIFIER = com.mpeng2021.RunApp1;
				PRODUCT_NAME = "$(TARGET_NAME)";
				SWIFT_OBJC_BRIDGING_HEADER = "RunApp/RunApp-Bridging-Header.h";
				SWIFT_OPTIMIZATION_LEVEL = "-Onone";
				SWIFT_VERSION = 5.0;
				TARGETED_DEVICE_FAMILY = "1,2";
			};
			name = Debug;
		};
		890F3AA122F8DD4200D14044 /* Release */ = {
			isa = XCBuildConfiguration;
			baseConfigurationReference = B775B0A46C7C933075009024 /* Pods-RunApp.release.xcconfig */;
			buildSettings = {
				ASSETCATALOG_COMPILER_APPICON_NAME = AppIcon;
				CLANG_ENABLE_MODULES = YES;
				CODE_SIGN_STYLE = Automatic;
				DEVELOPMENT_TEAM = 25BKB2B8F3;
				INFOPLIST_FILE = RunApp/Info.plist;
				IPHONEOS_DEPLOYMENT_TARGET = 12.0;
				LD_RUNPATH_SEARCH_PATHS = (
					"$(inherited)",
					"@executable_path/Frameworks",
				);
				PRODUCT_BUNDLE_IDENTIFIER = com.mpeng2021.RunApp1;
				PRODUCT_NAME = "$(TARGET_NAME)";
				SWIFT_OBJC_BRIDGING_HEADER = "RunApp/RunApp-Bridging-Header.h";
				SWIFT_VERSION = 5.0;
				TARGETED_DEVICE_FAMILY = "1,2";
			};
			name = Release;
		};
/* End XCBuildConfiguration section */

/* Begin XCConfigurationList section */
		890F3A8822F8DD4100D14044 /* Build configuration list for PBXProject "RunApp" */ = {
			isa = XCConfigurationList;
			buildConfigurations = (
				890F3A9D22F8DD4200D14044 /* Debug */,
				890F3A9E22F8DD4200D14044 /* Release */,
			);
			defaultConfigurationIsVisible = 0;
			defaultConfigurationName = Release;
		};
		890F3A9F22F8DD4200D14044 /* Build configuration list for PBXNativeTarget "RunApp" */ = {
			isa = XCConfigurationList;
			buildConfigurations = (
				890F3AA022F8DD4200D14044 /* Debug */,
				890F3AA122F8DD4200D14044 /* Release */,
			);
			defaultConfigurationIsVisible = 0;
			defaultConfigurationName = Release;
		};
/* End XCConfigurationList section */
	};
	rootObject = 890F3A8522F8DD4100D14044 /* Project object */;
}
